
Microsoft Visual Studio Solution File, Format Version 12.00
Project("{FAE04EC0-301F-11D3-BF4B-00C04F79EFBC}") = "UglyAppFramework", "UglyAppFramework\UglyAppFramework.csproj", "{A6E7F0AC-90E4-410C-84F5-2C14DF81E976}"
EndProject
Project("{FAE04EC0-301F-11D3-BF4B-00C04F79EFBC}") = "UglyDemo", "UglyDemo\UglyDemo.csproj", "{3AF063DC-DAAB-4F97-B0FC-6B0D7F5BACC1}"
EndProject
Project("{FAE04EC0-301F-11D3-BF4B-00C04F79EFBC}") = "UglyTgApplication", "UglyTgApplication\UglyTgApplication.csproj", "{DF09D869-7088-47E3-844F-FEE37FDCE9BB}"
EndProject
Global
	GlobalSection(SolutionConfigurationPlatforms) = preSolution
		Debug|Any CPU = Debug|Any CPU
		Release|Any CPU = Release|Any CPU
	EndGlobalSection
	GlobalSection(ProjectConfigurationPlatforms) = postSolution
		{A6E7F0AC-90E4-410C-84F5-2C14DF81E976}.Debug|Any CPU.ActiveCfg = Debug|Any CPU
		{A6E7F0AC-90E4-410C-84F5-2C14DF81E976}.Debug|Any CPU.Build.0 = Debug|Any CPU
		{A6E7F0AC-90E4-410C-84F5-2C14DF81E976}.Release|Any CPU.ActiveCfg = Release|Any CPU
		{A6E7F0AC-90E4-410C-84F5-2C14DF81E976}.Release|Any CPU.Build.0 = Release|Any CPU
		{3AF063DC-DAAB-4F97-B0FC-6B0D7F5BACC1}.Debug|Any CPU.ActiveCfg = Debug|Any CPU
		{3AF063DC-DAAB-4F97-B0FC-6B0D7F5BACC1}.Debug|Any CPU.Build.0 = Debug|Any CPU
		{3AF063DC-DAAB-4F97-B0FC-6B0D7F5BACC1}.Release|Any CPU.ActiveCfg = Release|Any CPU
		{3AF063DC-DAAB-4F97-B0FC-6B0D7F5BACC1}.Release|Any CPU.Build.0 = Release|Any CPU
		{DF09D869-7088-47E3-844F-FEE37FDCE9BB}.Debug|Any CPU.ActiveCfg = Debug|Any CPU
		{DF09D869-7088-47E3-844F-FEE37FDCE9BB}.Debug|Any CPU.Build.0 = Debug|Any CPU
		{DF09D869-7088-47E3-844F-FEE37FDCE9BB}.Release|Any CPU.ActiveCfg = Release|Any CPU
		{DF09D869-7088-47E3-844F-FEE37FDCE9BB}.Release|Any CPU.Build.0 = Release|Any CPU
	EndGlobalSection
EndGlobal
